
Microsoft Visual Studio Solution File, Format Version 12.00
# Visual Studio 15
VisualStudioVersion = 15.0.26124.0
MinimumVisualStudioVersion = 15.0.26124.0
Project("{FAE04EC0-301F-11D3-BF4B-00C04F79EFBC}") = "frontend", "frontend\frontend.csproj", "{60D09923-8704-4F3A-8AB0-A69C67926866}"
EndProject
Project("{FAE04EC0-301F-11D3-BF4B-00C04F79EFBC}") = "backend", "backend\backend.csproj", "{87D468A3-A48F-41CA-94AA-3EA5F2C86453}"
EndProject
Global
	GlobalSection(SolutionConfigurationPlatforms) = preSolution
		Debug|Any CPU = Debug|Any CPU
		Debug|x64 = Debug|x64
		Debug|x86 = Debug|x86
		Release|Any CPU = Release|Any CPU
		Release|x64 = Release|x64
		Release|x86 = Release|x86
	EndGlobalSection
	GlobalSection(SolutionProperties) = preSolution
		HideSolutionNode = FALSE
	EndGlobalSection
	GlobalSection(ProjectConfigurationPlatforms) = postSolution
		{60D09923-8704-4F3A-8AB0-A69C67926866}.Debug|Any CPU.ActiveCfg = Debug|Any CPU
		{60D09923-8704-4F3A-8AB0-A69C67926866}.Debug|Any CPU.Build.0 = Debug|Any CPU
		{60D09923-8704-4F3A-8AB0-A69C67926866}.Debug|x64.ActiveCfg = Debug|Any CPU
		{60D09923-8704-4F3A-8AB0-A69C67926866}.Debug|x64.Build.0 = Debug|Any CPU
		{60D09923-8704-4F3A-8AB0-A69C67926866}.Debug|x86.ActiveCfg = Debug|Any CPU
		{60D09923-8704-4F3A-8AB0-A69C67926866}.Debug|x86.Build.0 = Debug|Any CPU
		{60D09923-8704-4F3A-8AB0-A69C67926866}.Release|Any CPU.ActiveCfg = Release|Any CPU
		{60D09923-8704-4F3A-8AB0-A69C67926866}.Release|Any CPU.Build.0 = Release|Any CPU
		{60D09923-8704-4F3A-8AB0-A69C67926866}.Release|x64.ActiveCfg = Release|Any CPU
		{60D09923-8704-4F3A-8AB0-A69C67926866}.Release|x64.Build.0 = Release|Any CPU
		{60D09923-8704-4F3A-8AB0-A69C67926866}.Release|x86.ActiveCfg = Release|Any CPU
		{60D09923-8704-4F3A-8AB0-A69C67926866}.Release|x86.Build.0 = Release|Any CPU
		{87D468A3-A48F-41CA-94AA-3EA5F2C86453}.Debug|Any CPU.ActiveCfg = Debug|Any CPU
		{87D468A3-A48F-41CA-94AA-3EA5F2C86453}.Debug|Any CPU.Build.0 = Debug|Any CPU
		{87D468A3-A48F-41CA-94AA-3EA5F2C86453}.Debug|x64.ActiveCfg = Debug|Any CPU
		{87D468A3-A48F-41CA-94AA-3EA5F2C86453}.Debug|x64.Build.0 = Debug|Any CPU
		{87D468A3-A48F-41CA-94AA-3EA5F2C86453}.Debug|x86.ActiveCfg = Debug|Any CPU
		{87D468A3-A48F-41CA-94AA-3EA5F2C86453}.Debug|x86.Build.0 = Debug|Any CPU
		{87D468A3-A48F-41CA-94AA-3EA5F2C86453}.Release|Any CPU.ActiveCfg = Release|Any CPU
		{87D468A3-A48F-41CA-94AA-3EA5F2C86453}.Release|Any CPU.Build.0 = Release|Any CPU
		{87D468A3-A48F-41CA-94AA-3EA5F2C86453}.Release|x64.ActiveCfg = Release|Any CPU
		{87D468A3-A48F-41CA-94AA-3EA5F2C86453}.Release|x64.Build.0 = Release|Any CPU
		{87D468A3-A48F-41CA-94AA-3EA5F2C86453}.Release|x86.ActiveCfg = Release|Any CPU
		{87D468A3-A48F-41CA-94AA-3EA5F2C86453}.Release|x86.Build.0 = Release|Any CPU
	EndGlobalSection
EndGlobal
